// !$*UTF8*$!
{
	archiveVersion = 1;
	classes = {
	};
	objectVersion = 77;
	objects = {

/* Begin PBXBuildFile section */
		ACAF038D2DDCEE0E00999617 /* FirebaseAnalytics in Frameworks */ = {isa = PBXBuildFile; productRef = ACAF038C2DDCEE0E00999617 /* FirebaseAnalytics */; };
		ACAF038F2DDCEE0E00999617 /* FirebaseAppCheck in Frameworks */ = {isa = PBXBuildFile; productRef = ACAF038E2DDCEE0E00999617 /* FirebaseAppCheck */; };
		ACAF03912DDCEE0E00999617 /* FirebaseAppDistribution-Beta in Frameworks */ = {isa = PBXBuildFile; productRef = ACAF03902DDCEE0E00999617 /* FirebaseAppDistribution-Beta */; };
		ACAF03932DDCEE0E00999617 /* FirebaseAuth in Frameworks */ = {isa = PBXBuildFile; productRef = ACAF03922DDCEE0E00999617 /* FirebaseAuth */; };
		ACAF03952DDCEE0E00999617 /* FirebaseAuthCombine-Community in Frameworks */ = {isa = PBXBuildFile; productRef = ACAF03942DDCEE0E00999617 /* FirebaseAuthCombine-Community */; };
		ACAF03972DDCEE0E00999617 /* FirebaseCore in Frameworks */ = {isa = PBXBuildFile; productRef = ACAF03962DDCEE0E00999617 /* FirebaseCore */; };
		ACAF03992DDCEE0E00999617 /* FirebaseCrashlytics in Frameworks */ = {isa = PBXBuildFile; productRef = ACAF03982DDCEE0E00999617 /* FirebaseCrashlytics */; };
		ACAF039B2DDCEE0E00999617 /* FirebaseDatabase in Frameworks */ = {isa = PBXBuildFile; productRef = ACAF039A2DDCEE0E00999617 /* FirebaseDatabase */; };
		ACAF039D2DDCEE0E00999617 /* FirebaseFirestore in Frameworks */ = {isa = PBXBuildFile; productRef = ACAF039C2DDCEE0E00999617 /* FirebaseFirestore */; };
		ACAF039F2DDCEE0E00999617 /* FirebasePerformance in Frameworks */ = {isa = PBXBuildFile; productRef = ACAF039E2DDCEE0E00999617 /* FirebasePerformance */; };
		ACAF03A12DDCEE0E00999617 /* FirebaseRemoteConfig in Frameworks */ = {isa = PBXBuildFile; productRef = ACAF03A02DDCEE0E00999617 /* FirebaseRemoteConfig */; };
/* End PBXBuildFile section */

/* Begin PBXContainerItemProxy section */
		AC80B80E2DDA1854002C6B71 /* PBXContainerItemProxy */ = {
			isa = PBXContainerItemProxy;
			containerPortal = AC80B7F32DDA1853002C6B71 /* Project object */;
			proxyType = 1;
			remoteGlobalIDString = AC80B7FA2DDA1853002C6B71;
			remoteInfo = ImageConverterApp;
		};
		AC80B8182DDA1854002C6B71 /* PBXContainerItemProxy */ = {
			isa = PBXContainerItemProxy;
			containerPortal = AC80B7F32DDA1853002C6B71 /* Project object */;
			proxyType = 1;
			remoteGlobalIDString = AC80B7FA2DDA1853002C6B71;
			remoteInfo = ImageConverterApp;
		};
/* End PBXContainerItemProxy section */

/* Begin PBXFileReference section */
		AC80B7FB2DDA1853002C6B71 /* Convertible.app */ = {isa = PBXFileReference; explicitFileType = wrapper.application; includeInIndex = 0; path = Convertible.app; sourceTree = BUILT_PRODUCTS_DIR; };
		AC80B80D2DDA1854002C6B71 /* ConvertibleTests.xctest */ = {isa = PBXFileReference; explicitFileType = wrapper.cfbundle; includeInIndex = 0; path = ConvertibleTests.xctest; sourceTree = BUILT_PRODUCTS_DIR; };
		AC80B8172DDA1854002C6B71 /* ConvertibleUITests.xctest */ = {isa = PBXFileReference; explicitFileType = wrapper.cfbundle; includeInIndex = 0; path = ConvertibleUITests.xctest; sourceTree = BUILT_PRODUCTS_DIR; };
/* End PBXFileReference section */

/* Begin PBXFileSystemSynchronizedBuildFileExceptionSet section */
		ACAF03AB2DDCF20100999617 /* Exceptions for "Convertible" folder in "Convertible" target */ = {
			isa = PBXFileSystemSynchronizedBuildFileExceptionSet;
			membershipExceptions = (
				Info.plist,
				"Supporting Files/Info.plist",
			);
			target = AC80B7FA2DDA1853002C6B71 /* Convertible */;
		};
/* End PBXFileSystemSynchronizedBuildFileExceptionSet section */

/* Begin PBXFileSystemSynchronizedRootGroup section */
		AC80B7FD2DDA1853002C6B71 /* Convertible */ = {
			isa = PBXFileSystemSynchronizedRootGroup;
			exceptions = (
				ACAF03AB2DDCF20100999617 /* Exceptions for "Convertible" folder in "Convertible" target */,
			);
			path = Convertible;
			sourceTree = "<group>";
		};
/* End PBXFileSystemSynchronizedRootGroup section */

/* Begin PBXFrameworksBuildPhase section */
		AC80B7F82DDA1853002C6B71 /* Frameworks */ = {
			isa = PBXFrameworksBuildPhase;
			buildActionMask = 2147483647;
			files = (
				ACAF03A12DDCEE0E00999617 /* FirebaseRemoteConfig in Frameworks */,
				ACAF038F2DDCEE0E00999617 /* FirebaseAppCheck in Frameworks */,
				ACAF038D2DDCEE0E00999617 /* FirebaseAnalytics in Frameworks */,
				ACAF039F2DDCEE0E00999617 /* FirebasePerformance in Frameworks */,
				ACAF03912DDCEE0E00999617 /* FirebaseAppDistribution-Beta in Frameworks */,
				ACAF03992DDCEE0E00999617 /* FirebaseCrashlytics in Frameworks */,
				ACAF03932DDCEE0E00999617 /* FirebaseAuth in Frameworks */,
				ACAF039D2DDCEE0E00999617 /* FirebaseFirestore in Frameworks */,
				ACAF03972DDCEE0E00999617 /* FirebaseCore in Frameworks */,
				ACAF039B2DDCEE0E00999617 /* FirebaseDatabase in Frameworks */,
				ACAF03952DDCEE0E00999617 /* FirebaseAuthCombine-Community in Frameworks */,
			);
			runOnlyForDeploymentPostprocessing = 0;
		};
		AC80B80A2DDA1854002C6B71 /* Frameworks */ = {
			isa = PBXFrameworksBuildPhase;
			buildActionMask = 2147483647;
			files = (
			);
			runOnlyForDeploymentPostprocessing = 0;
		};
		AC80B8142DDA1854002C6B71 /* Frameworks */ = {
			isa = PBXFrameworksBuildPhase;
			buildActionMask = 2147483647;
			files = (
			);
			runOnlyForDeploymentPostprocessing = 0;
		};
/* End PBXFrameworksBuildPhase section */

/* Begin PBXGroup section */
		AC80B7F22DDA1853002C6B71 = {
			isa = PBXGroup;
			children = (
				AC80B7FD2DDA1853002C6B71 /* Convertible */,
				AC80B7FC2DDA1853002C6B71 /* Products */,
			);
			sourceTree = "<group>";
		};
		AC80B7FC2DDA1853002C6B71 /* Products */ = {
			isa = PBXGroup;
			children = (
				AC80B7FB2DDA1853002C6B71 /* Convertible.app */,
				AC80B80D2DDA1854002C6B71 /* ConvertibleTests.xctest */,
				AC80B8172DDA1854002C6B71 /* ConvertibleUITests.xctest */,
			);
			name = Products;
			sourceTree = "<group>";
		};
/* End PBXGroup section */

/* Begin PBXNativeTarget section */
		AC80B7FA2DDA1853002C6B71 /* Convertible */ = {
			isa = PBXNativeTarget;
			buildConfigurationList = AC80B8212DDA1854002C6B71 /* Build configuration list for PBXNativeTarget "Convertible" */;
			buildPhases = (
				AC80B7F72DDA1853002C6B71 /* Sources */,
				AC80B7F82DDA1853002C6B71 /* Frameworks */,
				AC80B7F92DDA1853002C6B71 /* Resources */,
			);
			buildRules = (
			);
			dependencies = (
			);
			fileSystemSynchronizedGroups = (
				AC80B7FD2DDA1853002C6B71 /* Convertible */,
			);
			name = Convertible;
			packageProductDependencies = (
				ACAF038C2DDCEE0E00999617 /* FirebaseAnalytics */,
				ACAF038E2DDCEE0E00999617 /* FirebaseAppCheck */,
				ACAF03902DDCEE0E00999617 /* FirebaseAppDistribution-Beta */,
				ACAF03922DDCEE0E00999617 /* FirebaseAuth */,
				ACAF03942DDCEE0E00999617 /* FirebaseAuthCombine-Community */,
				ACAF03962DDCEE0E00999617 /* FirebaseCore */,
				ACAF03982DDCEE0E00999617 /* FirebaseCrashlytics */,
				ACAF039A2DDCEE0E00999617 /* FirebaseDatabase */,
				ACAF039C2DDCEE0E00999617 /* FirebaseFirestore */,
				ACAF039E2DDCEE0E00999617 /* FirebasePerformance */,
				ACAF03A02DDCEE0E00999617 /* FirebaseRemoteConfig */,
			);
			productName = ImageConverterApp;
			productReference = AC80B7FB2DDA1853002C6B71 /* Convertible.app */;
			productType = "com.apple.product-type.application";
		};
		AC80B80C2DDA1854002C6B71 /* ConvertibleTests */ = {
			isa = PBXNativeTarget;
			buildConfigurationList = AC80B8242DDA1854002C6B71 /* Build configuration list for PBXNativeTarget "ConvertibleTests" */;
			buildPhases = (
				AC80B8092DDA1854002C6B71 /* Sources */,
				AC80B80A2DDA1854002C6B71 /* Frameworks */,
				AC80B80B2DDA1854002C6B71 /* Resources */,
			);
			buildRules = (
			);
			dependencies = (
				AC80B80F2DDA1854002C6B71 /* PBXTargetDependency */,
			);
			name = ConvertibleTests;
			packageProductDependencies = (
			);
			productName = ImageConverterAppTests;
			productReference = AC80B80D2DDA1854002C6B71 /* ConvertibleTests.xctest */;
			productType = "com.apple.product-type.bundle.unit-test";
		};
		AC80B8162DDA1854002C6B71 /* ConvertibleUITests */ = {
			isa = PBXNativeTarget;
			buildConfigurationList = AC80B8272DDA1854002C6B71 /* Build configuration list for PBXNativeTarget "ConvertibleUITests" */;
			buildPhases = (
				AC80B8132DDA1854002C6B71 /* Sources */,
				AC80B8142DDA1854002C6B71 /* Frameworks */,
				AC80B8152DDA1854002C6B71 /* Resources */,
			);
			buildRules = (
			);
			dependencies = (
				AC80B8192DDA1854002C6B71 /* PBXTargetDependency */,
			);
			name = ConvertibleUITests;
			packageProductDependencies = (
			);
			productName = ImageConverterAppUITests;
			productReference = AC80B8172DDA1854002C6B71 /* ConvertibleUITests.xctest */;
			productType = "com.apple.product-type.bundle.ui-testing";
		};
/* End PBXNativeTarget section */

/* Begin PBXProject section */
		AC80B7F32DDA1853002C6B71 /* Project object */ = {
			isa = PBXProject;
			attributes = {
				BuildIndependentTargetsInParallel = 1;
				LastSwiftUpdateCheck = 1610;
				LastUpgradeCheck = 1610;
				TargetAttributes = {
					AC80B7FA2DDA1853002C6B71 = {
						CreatedOnToolsVersion = 16.1;
					};
					AC80B80C2DDA1854002C6B71 = {
						CreatedOnToolsVersion = 16.1;
						TestTargetID = AC80B7FA2DDA1853002C6B71;
					};
					AC80B8162DDA1854002C6B71 = {
						CreatedOnToolsVersion = 16.1;
						TestTargetID = AC80B7FA2DDA1853002C6B71;
					};
				};
			};
			buildConfigurationList = AC80B7F62DDA1853002C6B71 /* Build configuration list for PBXProject "Convertible" */;
			developmentRegion = en;
			hasScannedForEncodings = 0;
			knownRegions = (
				en,
				Base,
			);
			mainGroup = AC80B7F22DDA1853002C6B71;
			minimizedProjectReferenceProxies = 1;
			packageReferences = (
				ACAF038B2DDCEE0E00999617 /* XCRemoteSwiftPackageReference "firebase-ios-sdk" */,
			);
			preferredProjectObjectVersion = 77;
			productRefGroup = AC80B7FC2DDA1853002C6B71 /* Products */;
			projectDirPath = "";
			projectRoot = "";
			targets = (
				AC80B7FA2DDA1853002C6B71 /* Convertible */,
				AC80B80C2DDA1854002C6B71 /* ConvertibleTests */,
				AC80B8162DDA1854002C6B71 /* ConvertibleUITests */,
			);
		};
/* End PBXProject section */

/* Begin PBXResourcesBuildPhase section */
		AC80B7F92DDA1853002C6B71 /* Resources */ = {
			isa = PBXResourcesBuildPhase;
			buildActionMask = 2147483647;
			files = (
			);
			runOnlyForDeploymentPostprocessing = 0;
		};
		AC80B80B2DDA1854002C6B71 /* Resources */ = {
			isa = PBXResourcesBuildPhase;
			buildActionMask = 2147483647;
			files = (
			);
			runOnlyForDeploymentPostprocessing = 0;
		};
		AC80B8152DDA1854002C6B71 /* Resources */ = {
			isa = PBXResourcesBuildPhase;
			buildActionMask = 2147483647;
			files = (
			);
			runOnlyForDeploymentPostprocessing = 0;
		};
/* End PBXResourcesBuildPhase section */

/* Begin PBXSourcesBuildPhase section */
		AC80B7F72DDA1853002C6B71 /* Sources */ = {
			isa = PBXSourcesBuildPhase;
			buildActionMask = 2147483647;
			files = (
			);
			runOnlyForDeploymentPostprocessing = 0;
		};
		AC80B8092DDA1854002C6B71 /* Sources */ = {
			isa = PBXSourcesBuildPhase;
			buildActionMask = 2147483647;
			files = (
			);
			runOnlyForDeploymentPostprocessing = 0;
		};
		AC80B8132DDA1854002C6B71 /* Sources */ = {
			isa = PBXSourcesBuildPhase;
			buildActionMask = 2147483647;
			files = (
			);
			runOnlyForDeploymentPostprocessing = 0;
		};
/* End PBXSourcesBuildPhase section */

/* Begin PBXTargetDependency section */
		AC80B80F2DDA1854002C6B71 /* PBXTargetDependency */ = {
			isa = PBXTargetDependency;
			target = AC80B7FA2DDA1853002C6B71 /* Convertible */;
			targetProxy = AC80B80E2DDA1854002C6B71 /* PBXContainerItemProxy */;
		};
		AC80B8192DDA1854002C6B71 /* PBXTargetDependency */ = {
			isa = PBXTargetDependency;
			target = AC80B7FA2DDA1853002C6B71 /* Convertible */;
			targetProxy = AC80B8182DDA1854002C6B71 /* PBXContainerItemProxy */;
		};
/* End PBXTargetDependency section */

/* Begin XCBuildConfiguration section */
		AC80B81F2DDA1854002C6B71 /* Debug */ = {
			isa = XCBuildConfiguration;
			buildSettings = {
				ALWAYS_SEARCH_USER_PATHS = NO;
				ASSETCATALOG_COMPILER_GENERATE_SWIFT_ASSET_SYMBOL_EXTENSIONS = YES;
				CLANG_ANALYZER_NONNULL = YES;
				CLANG_ANALYZER_NUMBER_OBJECT_CONVERSION = YES_AGGRESSIVE;
				CLANG_CXX_LANGUAGE_STANDARD = "gnu++20";
				CLANG_ENABLE_MODULES = YES;
				CLANG_ENABLE_OBJC_ARC = YES;
				CLANG_ENABLE_OBJC_WEAK = YES;
				CLANG_WARN_BLOCK_CAPTURE_AUTORELEASING = YES;
				CLANG_WARN_BOOL_CONVERSION = YES;
				CLANG_WARN_COMMA = YES;
				CLANG_WARN_CONSTANT_CONVERSION = YES;
				CLANG_WARN_DEPRECATED_OBJC_IMPLEMENTATIONS = YES;
				CLANG_WARN_DIRECT_OBJC_ISA_USAGE = YES_ERROR;
				CLANG_WARN_DOCUMENTATION_COMMENTS = YES;
				CLANG_WARN_EMPTY_BODY = YES;
				CLANG_WARN_ENUM_CONVERSION = YES;
				CLANG_WARN_INFINITE_RECURSION = YES;
				CLANG_WARN_INT_CONVERSION = YES;
				CLANG_WARN_NON_LITERAL_NULL_CONVERSION = YES;
				CLANG_WARN_OBJC_IMPLICIT_RETAIN_SELF = YES;
				CLANG_WARN_OBJC_LITERAL_CONVERSION = YES;
				CLANG_WARN_OBJC_ROOT_CLASS = YES_ERROR;
				CLANG_WARN_QUOTED_INCLUDE_IN_FRAMEWORK_HEADER = YES;
				CLANG_WARN_RANGE_LOOP_ANALYSIS = YES;
				CLANG_WARN_STRICT_PROTOTYPES = YES;
				CLANG_WARN_SUSPICIOUS_MOVE = YES;
				CLANG_WARN_UNGUARDED_AVAILABILITY = YES_AGGRESSIVE;
				CLANG_WARN_UNREACHABLE_CODE = YES;
				CLANG_WARN__DUPLICATE_METHOD_MATCH = YES;
				COPY_PHASE_STRIP = NO;
				DEBUG_INFORMATION_FORMAT = dwarf;
				ENABLE_STRICT_OBJC_MSGSEND = YES;
				ENABLE_TESTABILITY = YES;
				ENABLE_USER_SCRIPT_SANDBOXING = YES;
				GCC_C_LANGUAGE_STANDARD = gnu17;
				GCC_DYNAMIC_NO_PIC = NO;
				GCC_NO_COMMON_BLOCKS = YES;
				GCC_OPTIMIZATION_LEVEL = 0;
				GCC_PREPROCESSOR_DEFINITIONS = (
					"DEBUG=1",
					"$(inherited)",
				);
				GCC_WARN_64_TO_32_BIT_CONVERSION = YES;
				GCC_WARN_ABOUT_RETURN_TYPE = YES_ERROR;
				GCC_WARN_UNDECLARED_SELECTOR = YES;
				GCC_WARN_UNINITIALIZED_AUTOS = YES_AGGRESSIVE;
				GCC_WARN_UNUSED_FUNCTION = YES;
				GCC_WARN_UNUSED_VARIABLE = YES;
				IPHONEOS_DEPLOYMENT_TARGET = 18.1;
				LOCALIZATION_PREFERS_STRING_CATALOGS = YES;
				MTL_ENABLE_DEBUG_INFO = INCLUDE_SOURCE;
				MTL_FAST_MATH = YES;
				ONLY_ACTIVE_ARCH = YES;
				SDKROOT = iphoneos;
				SWIFT_ACTIVE_COMPILATION_CONDITIONS = "DEBUG $(inherited)";
				SWIFT_OPTIMIZATION_LEVEL = "-Onone";
			};
			name = Debug;
		};
		AC80B8202DDA1854002C6B71 /* Release */ = {
			isa = XCBuildConfiguration;
			buildSettings = {
				ALWAYS_SEARCH_USER_PATHS = NO;
				ASSETCATALOG_COMPILER_GENERATE_SWIFT_ASSET_SYMBOL_EXTENSIONS = YES;
				CLANG_ANALYZER_NONNULL = YES;
				CLANG_ANALYZER_NUMBER_OBJECT_CONVERSION = YES_AGGRESSIVE;
				CLANG_CXX_LANGUAGE_STANDARD = "gnu++20";
				CLANG_ENABLE_MODULES = YES;
				CLANG_ENABLE_OBJC_ARC = YES;
				CLANG_ENABLE_OBJC_WEAK = YES;
				CLANG_WARN_BLOCK_CAPTURE_AUTORELEASING = YES;
				CLANG_WARN_BOOL_CONVERSION = YES;
				CLANG_WARN_COMMA = YES;
				CLANG_WARN_CONSTANT_CONVERSION = YES;
				CLANG_WARN_DEPRECATED_OBJC_IMPLEMENTATIONS = YES;
				CLANG_WARN_DIRECT_OBJC_ISA_USAGE = YES_ERROR;
				CLANG_WARN_DOCUMENTATION_COMMENTS = YES;
				CLANG_WARN_EMPTY_BODY = YES;
				CLANG_WARN_ENUM_CONVERSION = YES;
				CLANG_WARN_INFINITE_RECURSION = YES;
				CLANG_WARN_INT_CONVERSION = YES;
				CLANG_WARN_NON_LITERAL_NULL_CONVERSION = YES;
				CLANG_WARN_OBJC_IMPLICIT_RETAIN_SELF = YES;
				CLANG_WARN_OBJC_LITERAL_CONVERSION = YES;
				CLANG_WARN_OBJC_ROOT_CLASS = YES_ERROR;
				CLANG_WARN_QUOTED_INCLUDE_IN_FRAMEWORK_HEADER = YES;
				CLANG_WARN_RANGE_LOOP_ANALYSIS = YES;
				CLANG_WARN_STRICT_PROTOTYPES = YES;
				CLANG_WARN_SUSPICIOUS_MOVE = YES;
				CLANG_WARN_UNGUARDED_AVAILABILITY = YES_AGGRESSIVE;
				CLANG_WARN_UNREACHABLE_CODE = YES;
				CLANG_WARN__DUPLICATE_METHOD_MATCH = YES;
				COPY_PHASE_STRIP = NO;
				DEBUG_INFORMATION_FORMAT = "dwarf-with-dsym";
				ENABLE_NS_ASSERTIONS = NO;
				ENABLE_STRICT_OBJC_MSGSEND = YES;
				ENABLE_USER_SCRIPT_SANDBOXING = YES;
				GCC_C_LANGUAGE_STANDARD = gnu17;
				GCC_NO_COMMON_BLOCKS = YES;
				GCC_WARN_64_TO_32_BIT_CONVERSION = YES;
				GCC_WARN_ABOUT_RETURN_TYPE = YES_ERROR;
				GCC_WARN_UNDECLARED_SELECTOR = YES;
				GCC_WARN_UNINITIALIZED_AUTOS = YES_AGGRESSIVE;
				GCC_WARN_UNUSED_FUNCTION = YES;
				GCC_WARN_UNUSED_VARIABLE = YES;
				IPHONEOS_DEPLOYMENT_TARGET = 18.1;
				LOCALIZATION_PREFERS_STRING_CATALOGS = YES;
				MTL_ENABLE_DEBUG_INFO = NO;
				MTL_FAST_MATH = YES;
				SDKROOT = iphoneos;
				SWIFT_COMPILATION_MODE = wholemodule;
				VALIDATE_PRODUCT = YES;
			};
			name = Release;
		};
		AC80B8222DDA1854002C6B71 /* Debug */ = {
			isa = XCBuildConfiguration;
			buildSettings = {
				ASSETCATALOG_COMPILER_APPICON_NAME = AppIcon;
				ASSETCATALOG_COMPILER_GLOBAL_ACCENT_COLOR_NAME = AccentColor;
				CODE_SIGN_STYLE = Automatic;
				CURRENT_PROJECT_VERSION = 1;
				DEVELOPMENT_ASSET_PATHS = "\"Convertible/Preview Content\"";
				DEVELOPMENT_TEAM = 9ZNNV4J993;
				ENABLE_PREVIEWS = YES;
				GENERATE_INFOPLIST_FILE = YES;
				INFOPLIST_FILE = Convertible/Info.plist;
				INFOPLIST_KEY_UIApplicationSceneManifest_Generation = YES;
				INFOPLIST_KEY_UIApplicationSupportsIndirectInputEvents = YES;
				INFOPLIST_KEY_UISupportedInterfaceOrientations_iPad = "UIInterfaceOrientationPortrait UIInterfaceOrientationPortraitUpsideDown UIInterfaceOrientationLandscapeLeft UIInterfaceOrientationLandscapeRight";
				INFOPLIST_KEY_UISupportedInterfaceOrientations_iPhone = "UIInterfaceOrientationPortrait UIInterfaceOrientationLandscapeLeft UIInterfaceOrientationLandscapeRight";
				LD_RUNPATH_SEARCH_PATHS = (
					"$(inherited)",
					"@executable_path/Frameworks",
				);
				MARKETING_VERSION = 1.0;
				PRODUCT_BUNDLE_IDENTIFIER = com.app.convertible;
				PRODUCT_NAME = "$(TARGET_NAME)";
				SWIFT_EMIT_LOC_STRINGS = YES;
				SWIFT_VERSION = 5.0;
				TARGETED_DEVICE_FAMILY = "1,2";
			};
			name = Debug;
		};
		AC80B8232DDA1854002C6B71 /* Release */ = {
			isa = XCBuildConfiguration;
			buildSettings = {
				ASSETCATALOG_COMPILER_APPICON_NAME = AppIcon;
				ASSETCATALOG_COMPILER_GLOBAL_ACCENT_COLOR_NAME = AccentColor;
				CODE_SIGN_STYLE = Automatic;
				CURRENT_PROJECT_VERSION = 1;
				DEVELOPMENT_ASSET_PATHS = "\"Convertible/Preview Content\"";
				DEVELOPMENT_TEAM = 9ZNNV4J993;
				ENABLE_PREVIEWS = YES;
				GENERATE_INFOPLIST_FILE = YES;
				INFOPLIST_FILE = Convertible/Info.plist;
				INFOPLIST_KEY_UIApplicationSceneManifest_Generation = YES;
				INFOPLIST_KEY_UIApplicationSupportsIndirectInputEvents = YES;
				INFOPLIST_KEY_UISupportedInterfaceOrientations_iPad = "UIInterfaceOrientationPortrait UIInterfaceOrientationPortraitUpsideDown UIInterfaceOrientationLandscapeLeft UIInterfaceOrientationLandscapeRight";
				INFOPLIST_KEY_UISupportedInterfaceOrientations_iPhone = "UIInterfaceOrientationPortrait UIInterfaceOrientationLandscapeLeft UIInterfaceOrientationLandscapeRight";
				LD_RUNPATH_SEARCH_PATHS = (
					"$(inherited)",
					"@executable_path/Frameworks",
				);
				MARKETING_VERSION = 1.0;
				PRODUCT_BUNDLE_IDENTIFIER = com.app.convertible;
				PRODUCT_NAME = "$(TARGET_NAME)";
				SWIFT_EMIT_LOC_STRINGS = YES;
				SWIFT_VERSION = 5.0;
				TARGETED_DEVICE_FAMILY = "1,2";
			};
			name = Release;
		};
		AC80B8252DDA1854002C6B71 /* Debug */ = {
			isa = XCBuildConfiguration;
			buildSettings = {
				BUNDLE_LOADER = "$(TEST_HOST)";
				CODE_SIGN_STYLE = Automatic;
				CURRENT_PROJECT_VERSION = 1;
				DEVELOPMENT_TEAM = 9ZNNV4J993;
				GENERATE_INFOPLIST_FILE = YES;
				IPHONEOS_DEPLOYMENT_TARGET = 18.1;
				MARKETING_VERSION = 1.0;
				PRODUCT_BUNDLE_IDENTIFIER = com.app.ImageConverterAppTests;
				PRODUCT_NAME = "$(TARGET_NAME)";
				SWIFT_EMIT_LOC_STRINGS = NO;
				SWIFT_VERSION = 5.0;
				TARGETED_DEVICE_FAMILY = "1,2";
				TEST_HOST = "$(BUILT_PRODUCTS_DIR)/Convertible.app/$(BUNDLE_EXECUTABLE_FOLDER_PATH)/Convertible";
			};
			name = Debug;
		};
		AC80B8262DDA1854002C6B71 /* Release */ = {
			isa = XCBuildConfiguration;
			buildSettings = {
				BUNDLE_LOADER = "$(TEST_HOST)";
				CODE_SIGN_STYLE = Automatic;
				CURRENT_PROJECT_VERSION = 1;
				DEVELOPMENT_TEAM = 9ZNNV4J993;
				GENERATE_INFOPLIST_FILE = YES;
				IPHONEOS_DEPLOYMENT_TARGET = 18.1;
				MARKETING_VERSION = 1.0;
				PRODUCT_BUNDLE_IDENTIFIER = com.app.ImageConverterAppTests;
				PRODUCT_NAME = "$(TARGET_NAME)";
				SWIFT_EMIT_LOC_STRINGS = NO;
				SWIFT_VERSION = 5.0;
				TARGETED_DEVICE_FAMILY = "1,2";
				TEST_HOST = "$(BUILT_PRODUCTS_DIR)/Convertible.app/$(BUNDLE_EXECUTABLE_FOLDER_PATH)/Convertible";
			};
			name = Release;
		};
		AC80B8282DDA1854002C6B71 /* Debug */ = {
			isa = XCBuildConfiguration;
			buildSettings = {
				CODE_SIGN_STYLE = Automatic;
				CURRENT_PROJECT_VERSION = 1;
				DEVELOPMENT_TEAM = 9ZNNV4J993;
				GENERATE_INFOPLIST_FILE = YES;
				MARKETING_VERSION = 1.0;
				PRODUCT_BUNDLE_IDENTIFIER = com.app.ImageConverterAppUITests;
				PRODUCT_NAME = "$(TARGET_NAME)";
				SWIFT_EMIT_LOC_STRINGS = NO;
				SWIFT_VERSION = 5.0;
				TARGETED_DEVICE_FAMILY = "1,2";
				TEST_TARGET_NAME = ImageConverterApp;
			};
			name = Debug;
		};
		AC80B8292DDA1854002C6B71 /* Release */ = {
			isa = XCBuildConfiguration;
			buildSettings = {
				CODE_SIGN_STYLE = Automatic;
				CURRENT_PROJECT_VERSION = 1;
				DEVELOPMENT_TEAM = 9ZNNV4J993;
				GENERATE_INFOPLIST_FILE = YES;
				MARKETING_VERSION = 1.0;
				PRODUCT_BUNDLE_IDENTIFIER = com.app.ImageConverterAppUITests;
				PRODUCT_NAME = "$(TARGET_NAME)";
				SWIFT_EMIT_LOC_STRINGS = NO;
				SWIFT_VERSION = 5.0;
				TARGETED_DEVICE_FAMILY = "1,2";
				TEST_TARGET_NAME = ImageConverterApp;
			};
			name = Release;
		};
/* End XCBuildConfiguration section */

/* Begin XCConfigurationList section */
		AC80B7F62DDA1853002C6B71 /* Build configuration list for PBXProject "Convertible" */ = {
			isa = XCConfigurationList;
			buildConfigurations = (
				AC80B81F2DDA1854002C6B71 /* Debug */,
				AC80B8202DDA1854002C6B71 /* Release */,
			);
			defaultConfigurationIsVisible = 0;
			defaultConfigurationName = Release;
		};
		AC80B8212DDA1854002C6B71 /* Build configuration list for PBXNativeTarget "Convertible" */ = {
			isa = XCConfigurationList;
			buildConfigurations = (
				AC80B8222DDA1854002C6B71 /* Debug */,
				AC80B8232DDA1854002C6B71 /* Release */,
			);
			defaultConfigurationIsVisible = 0;
			defaultConfigurationName = Release;
		};
		AC80B8242DDA1854002C6B71 /* Build configuration list for PBXNativeTarget "ConvertibleTests" */ = {
			isa = XCConfigurationList;
			buildConfigurations = (
				AC80B8252DDA1854002C6B71 /* Debug */,
				AC80B8262DDA1854002C6B71 /* Release */,
			);
			defaultConfigurationIsVisible = 0;
			defaultConfigurationName = Release;
		};
		AC80B8272DDA1854002C6B71 /* Build configuration list for PBXNativeTarget "ConvertibleUITests" */ = {
			isa = XCConfigurationList;
			buildConfigurations = (
				AC80B8282DDA1854002C6B71 /* Debug */,
				AC80B8292DDA1854002C6B71 /* Release */,
			);
			defaultConfigurationIsVisible = 0;
			defaultConfigurationName = Release;
		};
/* End XCConfigurationList section */

/* Begin XCRemoteSwiftPackageReference section */
		ACAF038B2DDCEE0E00999617 /* XCRemoteSwiftPackageReference "firebase-ios-sdk" */ = {
			isa = XCRemoteSwiftPackageReference;
			repositoryURL = "https://github.com/firebase/firebase-ios-sdk";
			requirement = {
				kind = upToNextMajorVersion;
				minimumVersion = 11.13.0;
			};
		};
/* End XCRemoteSwiftPackageReference section */

/* Begin XCSwiftPackageProductDependency section */
		ACAF038C2DDCEE0E00999617 /* FirebaseAnalytics */ = {
			isa = XCSwiftPackageProductDependency;
			package = ACAF038B2DDCEE0E00999617 /* XCRemoteSwiftPackageReference "firebase-ios-sdk" */;
			productName = FirebaseAnalytics;
		};
		ACAF038E2DDCEE0E00999617 /* FirebaseAppCheck */ = {
			isa = XCSwiftPackageProductDependency;
			package = ACAF038B2DDCEE0E00999617 /* XCRemoteSwiftPackageReference "firebase-ios-sdk" */;
			productName = FirebaseAppCheck;
		};
		ACAF03902DDCEE0E00999617 /* FirebaseAppDistribution-Beta */ = {
			isa = XCSwiftPackageProductDependency;
			package = ACAF038B2DDCEE0E00999617 /* XCRemoteSwiftPackageReference "firebase-ios-sdk" */;
			productName = "FirebaseAppDistribution-Beta";
		};
		ACAF03922DDCEE0E00999617 /* FirebaseAuth */ = {
			isa = XCSwiftPackageProductDependency;
			package = ACAF038B2DDCEE0E00999617 /* XCRemoteSwiftPackageReference "firebase-ios-sdk" */;
			productName = FirebaseAuth;
		};
		ACAF03942DDCEE0E00999617 /* FirebaseAuthCombine-Community */ = {
			isa = XCSwiftPackageProductDependency;
			package = ACAF038B2DDCEE0E00999617 /* XCRemoteSwiftPackageReference "firebase-ios-sdk" */;
			productName = "FirebaseAuthCombine-Community";
		};
		ACAF03962DDCEE0E00999617 /* FirebaseCore */ = {
			isa = XCSwiftPackageProductDependency;
			package = ACAF038B2DDCEE0E00999617 /* XCRemoteSwiftPackageReference "firebase-ios-sdk" */;
			productName = FirebaseCore;
		};
		ACAF03982DDCEE0E00999617 /* FirebaseCrashlytics */ = {
			isa = XCSwiftPackageProductDependency;
			package = ACAF038B2DDCEE0E00999617 /* XCRemoteSwiftPackageReference "firebase-ios-sdk" */;
			productName = FirebaseCrashlytics;
		};
		ACAF039A2DDCEE0E00999617 /* FirebaseDatabase */ = {
			isa = XCSwiftPackageProductDependency;
			package = ACAF038B2DDCEE0E00999617 /* XCRemoteSwiftPackageReference "firebase-ios-sdk" */;
			productName = FirebaseDatabase;
		};
		ACAF039C2DDCEE0E00999617 /* FirebaseFirestore */ = {
			isa = XCSwiftPackageProductDependency;
			package = ACAF038B2DDCEE0E00999617 /* XCRemoteSwiftPackageReference "firebase-ios-sdk" */;
			productName = FirebaseFirestore;
		};
		ACAF039E2DDCEE0E00999617 /* FirebasePerformance */ = {
			isa = XCSwiftPackageProductDependency;
			package = ACAF038B2DDCEE0E00999617 /* XCRemoteSwiftPackageReference "firebase-ios-sdk" */;
			productName = FirebasePerformance;
		};
		ACAF03A02DDCEE0E00999617 /* FirebaseRemoteConfig */ = {
			isa = XCSwiftPackageProductDependency;
			package = ACAF038B2DDCEE0E00999617 /* XCRemoteSwiftPackageReference "firebase-ios-sdk" */;
			productName = FirebaseRemoteConfig;
		};
/* End XCSwiftPackageProductDependency section */
	};
	rootObject = AC80B7F32DDA1853002C6B71 /* Project object */;
}
